// !$*UTF8*$!
{
	archiveVersion = 1;
	classes = {
	};
	objectVersion = 46;
	objects = {

/* Begin PBXBuildFile section */
		756EDD6118C3D63700CAF86C /* Foundation.framework in Frameworks */ = {isa = PBXBuildFile; fileRef = 756EDD6018C3D63700CAF86C /* Foundation.framework */; };
		756EDD6318C3D63700CAF86C /* CoreGraphics.framework in Frameworks */ = {isa = PBXBuildFile; fileRef = 756EDD6218C3D63700CAF86C /* CoreGraphics.framework */; };
		756EDD6518C3D63700CAF86C /* UIKit.framework in Frameworks */ = {isa = PBXBuildFile; fileRef = 756EDD6418C3D63700CAF86C /* UIKit.framework */; };
		756EDD6B18C3D63700CAF86C /* InfoPlist.strings in Resources */ = {isa = PBXBuildFile; fileRef = 756EDD6918C3D63700CAF86C /* InfoPlist.strings */; };
		756EDD6D18C3D63700CAF86C /* main.m in Sources */ = {isa = PBXBuildFile; fileRef = 756EDD6C18C3D63700CAF86C /* main.m */; };
		756EDD7118C3D63700CAF86C /* AppDelegate.m in Sources */ = {isa = PBXBuildFile; fileRef = 756EDD7018C3D63700CAF86C /* AppDelegate.m */; };
		756EDD7418C3D63700CAF86C /* Main.storyboard in Resources */ = {isa = PBXBuildFile; fileRef = 756EDD7218C3D63700CAF86C /* Main.storyboard */; };
		756EDD7718C3D63700CAF86C /* StudyChooseListViewController.m in Sources */ = {isa = PBXBuildFile; fileRef = 756EDD7618C3D63700CAF86C /* StudyChooseListViewController.m */; };
		756EDD7A18C3D63700CAF86C /* CreateEditListViewController.m in Sources */ = {isa = PBXBuildFile; fileRef = 756EDD7918C3D63700CAF86C /* CreateEditListViewController.m */; };
		756EDD7C18C3D63800CAF86C /* Images.xcassets in Resources */ = {isa = PBXBuildFile; fileRef = 756EDD7B18C3D63800CAF86C /* Images.xcassets */; };
		756EDD8318C3D63800CAF86C /* XCTest.framework in Frameworks */ = {isa = PBXBuildFile; fileRef = 756EDD8218C3D63800CAF86C /* XCTest.framework */; };
		756EDD8418C3D63800CAF86C /* Foundation.framework in Frameworks */ = {isa = PBXBuildFile; fileRef = 756EDD6018C3D63700CAF86C /* Foundation.framework */; };
		756EDD8518C3D63800CAF86C /* UIKit.framework in Frameworks */ = {isa = PBXBuildFile; fileRef = 756EDD6418C3D63700CAF86C /* UIKit.framework */; };
		756EDD8D18C3D63800CAF86C /* InfoPlist.strings in Resources */ = {isa = PBXBuildFile; fileRef = 756EDD8B18C3D63800CAF86C /* InfoPlist.strings */; };
		756EDD8F18C3D63800CAF86C /* hci_flashcard_iPhoneTests.m in Sources */ = {isa = PBXBuildFile; fileRef = 756EDD8E18C3D63800CAF86C /* hci_flashcard_iPhoneTests.m */; };
		C80418C718C916420062FF91 /* CoreData.framework in Frameworks */ = {isa = PBXBuildFile; fileRef = C80418C618C916420062FF91 /* CoreData.framework */; };
		C80418D018C916D00062FF91 /* FlashcardModel.xcdatamodeld in Sources */ = {isa = PBXBuildFile; fileRef = C80418CE18C916D00062FF91 /* FlashcardModel.xcdatamodeld */; };
		C80418D618C9182E0062FF91 /* Deck.m in Sources */ = {isa = PBXBuildFile; fileRef = C80418D518C9182E0062FF91 /* Deck.m */; };
		C8058D1418CD6904000E7819 /* CreateChooseMethodViewController.m in Sources */ = {isa = PBXBuildFile; fileRef = C8058D1318CD6904000E7819 /* CreateChooseMethodViewController.m */; };
		C8058D1718CD72C7000E7819 /* CreateNewCardViewController.m in Sources */ = {isa = PBXBuildFile; fileRef = C8058D1618CD72C7000E7819 /* CreateNewCardViewController.m */; };
		C8058D1A18CED8D4000E7819 /* Flashcard.m in Sources */ = {isa = PBXBuildFile; fileRef = C8058D1918CED8D4000E7819 /* Flashcard.m */; };
		C8058D1D18CEEA90000E7819 /* StudyChooseMethodViewController.m in Sources */ = {isa = PBXBuildFile; fileRef = C8058D1C18CEEA90000E7819 /* StudyChooseMethodViewController.m */; };
		C8058D2418CF7D08000E7819 /* FlashcardViewController.m in Sources */ = {isa = PBXBuildFile; fileRef = C8058D2318CF7D08000E7819 /* FlashcardViewController.m */; };
		C8058D2918CF8A4F000E7819 /* StudyViewCardsViewController.m in Sources */ = {isa = PBXBuildFile; fileRef = C8058D2818CF8A4F000E7819 /* StudyViewCardsViewController.m */; };
		C8AB6EFE18C657FA005B135F /* 96-book.png in Resources */ = {isa = PBXBuildFile; fileRef = C8AB6EFC18C657FA005B135F /* 96-book.png */; };
		C8AB6EFF18C657FA005B135F /* 179-notepad.png in Resources */ = {isa = PBXBuildFile; fileRef = C8AB6EFD18C657FA005B135F /* 179-notepad.png */; };
		C8DA9E6218CD224700DF1356 /* CoreData.framework in Frameworks */ = {isa = PBXBuildFile; fileRef = C80418C618C916420062FF91 /* CoreData.framework */; };
		C8DA9F2D18CD25D600DF1356 /* MagicalImportFunctions.m in Sources */ = {isa = PBXBuildFile; fileRef = C8DA9EF518CD25D600DF1356 /* MagicalImportFunctions.m */; };
		C8DA9F2E18CD25D600DF1356 /* NSAttributeDescription+MagicalDataImport.m in Sources */ = {isa = PBXBuildFile; fileRef = C8DA9EF718CD25D600DF1356 /* NSAttributeDescription+MagicalDataImport.m */; };
		C8DA9F2F18CD25D600DF1356 /* NSEntityDescription+MagicalDataImport.m in Sources */ = {isa = PBXBuildFile; fileRef = C8DA9EF918CD25D600DF1356 /* NSEntityDescription+MagicalDataImport.m */; };
		C8DA9F3018CD25D600DF1356 /* NSNumber+MagicalDataImport.m in Sources */ = {isa = PBXBuildFile; fileRef = C8DA9EFB18CD25D600DF1356 /* NSNumber+MagicalDataImport.m */; };
		C8DA9F3118CD25D600DF1356 /* NSObject+MagicalDataImport.m in Sources */ = {isa = PBXBuildFile; fileRef = C8DA9EFD18CD25D600DF1356 /* NSObject+MagicalDataImport.m */; };
		C8DA9F3218CD25D600DF1356 /* NSRelationshipDescription+MagicalDataImport.m in Sources */ = {isa = PBXBuildFile; fileRef = C8DA9EFF18CD25D600DF1356 /* NSRelationshipDescription+MagicalDataImport.m */; };
		C8DA9F3318CD25D600DF1356 /* NSString+MagicalDataImport.m in Sources */ = {isa = PBXBuildFile; fileRef = C8DA9F0118CD25D600DF1356 /* NSString+MagicalDataImport.m */; };
		C8DA9F3418CD25D600DF1356 /* NSManagedObject+MagicalAggregation.m in Sources */ = {isa = PBXBuildFile; fileRef = C8DA9F0418CD25D600DF1356 /* NSManagedObject+MagicalAggregation.m */; };
		C8DA9F3518CD25D600DF1356 /* NSManagedObject+MagicalDataImport.m in Sources */ = {isa = PBXBuildFile; fileRef = C8DA9F0618CD25D600DF1356 /* NSManagedObject+MagicalDataImport.m */; };
		C8DA9F3618CD25D600DF1356 /* NSManagedObject+MagicalFinders.m in Sources */ = {isa = PBXBuildFile; fileRef = C8DA9F0818CD25D600DF1356 /* NSManagedObject+MagicalFinders.m */; };
		C8DA9F3718CD25D600DF1356 /* NSManagedObject+MagicalRecord.m in Sources */ = {isa = PBXBuildFile; fileRef = C8DA9F0A18CD25D600DF1356 /* NSManagedObject+MagicalRecord.m */; };
		C8DA9F3818CD25D700DF1356 /* NSManagedObject+MagicalRequests.m in Sources */ = {isa = PBXBuildFile; fileRef = C8DA9F0C18CD25D600DF1356 /* NSManagedObject+MagicalRequests.m */; };
		C8DA9F3918CD25D700DF1356 /* NSManagedObjectContext+MagicalObserving.m in Sources */ = {isa = PBXBuildFile; fileRef = C8DA9F0F18CD25D600DF1356 /* NSManagedObjectContext+MagicalObserving.m */; };
		C8DA9F3A18CD25D700DF1356 /* NSManagedObjectContext+MagicalRecord.m in Sources */ = {isa = PBXBuildFile; fileRef = C8DA9F1118CD25D600DF1356 /* NSManagedObjectContext+MagicalRecord.m */; };
		C8DA9F3B18CD25D700DF1356 /* NSManagedObjectContext+MagicalSaves.m in Sources */ = {isa = PBXBuildFile; fileRef = C8DA9F1318CD25D600DF1356 /* NSManagedObjectContext+MagicalSaves.m */; };
		C8DA9F3C18CD25D700DF1356 /* NSManagedObjectContext+MagicalThreading.m in Sources */ = {isa = PBXBuildFile; fileRef = C8DA9F1518CD25D600DF1356 /* NSManagedObjectContext+MagicalThreading.m */; };
		C8DA9F3D18CD25D700DF1356 /* NSManagedObjectModel+MagicalRecord.m in Sources */ = {isa = PBXBuildFile; fileRef = C8DA9F1718CD25D600DF1356 /* NSManagedObjectModel+MagicalRecord.m */; };
		C8DA9F3E18CD25D700DF1356 /* NSPersistentStore+MagicalRecord.m in Sources */ = {isa = PBXBuildFile; fileRef = C8DA9F1918CD25D600DF1356 /* NSPersistentStore+MagicalRecord.m */; };
		C8DA9F3F18CD25D700DF1356 /* NSPersistentStoreCoordinator+MagicalRecord.m in Sources */ = {isa = PBXBuildFile; fileRef = C8DA9F1B18CD25D600DF1356 /* NSPersistentStoreCoordinator+MagicalRecord.m */; };
		C8DA9F4018CD25D700DF1356 /* MagicalRecord+Actions.m in Sources */ = {isa = PBXBuildFile; fileRef = C8DA9F1E18CD25D600DF1356 /* MagicalRecord+Actions.m */; };
		C8DA9F4118CD25D700DF1356 /* MagicalRecord+ErrorHandling.m in Sources */ = {isa = PBXBuildFile; fileRef = C8DA9F2018CD25D600DF1356 /* MagicalRecord+ErrorHandling.m */; };
		C8DA9F4218CD25D700DF1356 /* MagicalRecord+iCloud.m in Sources */ = {isa = PBXBuildFile; fileRef = C8DA9F2218CD25D600DF1356 /* MagicalRecord+iCloud.m */; };
		C8DA9F4318CD25D700DF1356 /* MagicalRecord+Options.m in Sources */ = {isa = PBXBuildFile; fileRef = C8DA9F2418CD25D600DF1356 /* MagicalRecord+Options.m */; };
		C8DA9F4418CD25D700DF1356 /* MagicalRecord+Setup.m in Sources */ = {isa = PBXBuildFile; fileRef = C8DA9F2618CD25D600DF1356 /* MagicalRecord+Setup.m */; };
		C8DA9F4518CD25D700DF1356 /* MagicalRecord+ShorthandSupport.m in Sources */ = {isa = PBXBuildFile; fileRef = C8DA9F2818CD25D600DF1356 /* MagicalRecord+ShorthandSupport.m */; };
		C8DA9F4618CD25D700DF1356 /* MagicalRecord.m in Sources */ = {isa = PBXBuildFile; fileRef = C8DA9F2A18CD25D600DF1356 /* MagicalRecord.m */; };
/* End PBXBuildFile section */

/* Begin PBXContainerItemProxy section */
		756EDD8618C3D63800CAF86C /* PBXContainerItemProxy */ = {
			isa = PBXContainerItemProxy;
			containerPortal = 756EDD5518C3D63700CAF86C /* Project object */;
			proxyType = 1;
			remoteGlobalIDString = 756EDD5C18C3D63700CAF86C;
			remoteInfo = "hci-flashcard-iPhone";
		};
/* End PBXContainerItemProxy section */

/* Begin PBXFileReference section */
		756EDD5D18C3D63700CAF86C /* hci-flashcard-iPhone.app */ = {isa = PBXFileReference; explicitFileType = wrapper.application; includeInIndex = 0; path = "hci-flashcard-iPhone.app"; sourceTree = BUILT_PRODUCTS_DIR; };
		756EDD6018C3D63700CAF86C /* Foundation.framework */ = {isa = PBXFileReference; lastKnownFileType = wrapper.framework; name = Foundation.framework; path = System/Library/Frameworks/Foundation.framework; sourceTree = SDKROOT; };
		756EDD6218C3D63700CAF86C /* CoreGraphics.framework */ = {isa = PBXFileReference; lastKnownFileType = wrapper.framework; name = CoreGraphics.framework; path = System/Library/Frameworks/CoreGraphics.framework; sourceTree = SDKROOT; };
		756EDD6418C3D63700CAF86C /* UIKit.framework */ = {isa = PBXFileReference; lastKnownFileType = wrapper.framework; name = UIKit.framework; path = System/Library/Frameworks/UIKit.framework; sourceTree = SDKROOT; };
		756EDD6818C3D63700CAF86C /* hci-flashcard-iPhone-Info.plist */ = {isa = PBXFileReference; lastKnownFileType = text.plist.xml; path = "hci-flashcard-iPhone-Info.plist"; sourceTree = "<group>"; };
		756EDD6A18C3D63700CAF86C /* en */ = {isa = PBXFileReference; lastKnownFileType = text.plist.strings; name = en; path = en.lproj/InfoPlist.strings; sourceTree = "<group>"; };
		756EDD6C18C3D63700CAF86C /* main.m */ = {isa = PBXFileReference; lastKnownFileType = sourcecode.c.objc; path = main.m; sourceTree = "<group>"; };
		756EDD6E18C3D63700CAF86C /* hci-flashcard-iPhone-Prefix.pch */ = {isa = PBXFileReference; lastKnownFileType = sourcecode.c.h; path = "hci-flashcard-iPhone-Prefix.pch"; sourceTree = "<group>"; };
		756EDD6F18C3D63700CAF86C /* AppDelegate.h */ = {isa = PBXFileReference; lastKnownFileType = sourcecode.c.h; path = AppDelegate.h; sourceTree = "<group>"; };
		756EDD7018C3D63700CAF86C /* AppDelegate.m */ = {isa = PBXFileReference; lastKnownFileType = sourcecode.c.objc; path = AppDelegate.m; sourceTree = "<group>"; };
		756EDD7318C3D63700CAF86C /* Base */ = {isa = PBXFileReference; lastKnownFileType = file.storyboard; name = Base; path = Base.lproj/Main.storyboard; sourceTree = "<group>"; };
		756EDD7518C3D63700CAF86C /* StudyChooseListViewController.h */ = {isa = PBXFileReference; lastKnownFileType = sourcecode.c.h; path = StudyChooseListViewController.h; sourceTree = "<group>"; };
		756EDD7618C3D63700CAF86C /* StudyChooseListViewController.m */ = {isa = PBXFileReference; lastKnownFileType = sourcecode.c.objc; path = StudyChooseListViewController.m; sourceTree = "<group>"; };
		756EDD7818C3D63700CAF86C /* CreateEditListViewController.h */ = {isa = PBXFileReference; lastKnownFileType = sourcecode.c.h; path = CreateEditListViewController.h; sourceTree = "<group>"; };
		756EDD7918C3D63700CAF86C /* CreateEditListViewController.m */ = {isa = PBXFileReference; lastKnownFileType = sourcecode.c.objc; path = CreateEditListViewController.m; sourceTree = "<group>"; };
		756EDD7B18C3D63800CAF86C /* Images.xcassets */ = {isa = PBXFileReference; lastKnownFileType = folder.assetcatalog; path = Images.xcassets; sourceTree = "<group>"; };
		756EDD8118C3D63800CAF86C /* hci-flashcard-iPhoneTests.xctest */ = {isa = PBXFileReference; explicitFileType = wrapper.cfbundle; includeInIndex = 0; path = "hci-flashcard-iPhoneTests.xctest"; sourceTree = BUILT_PRODUCTS_DIR; };
		756EDD8218C3D63800CAF86C /* XCTest.framework */ = {isa = PBXFileReference; lastKnownFileType = wrapper.framework; name = XCTest.framework; path = Library/Frameworks/XCTest.framework; sourceTree = DEVELOPER_DIR; };
		756EDD8A18C3D63800CAF86C /* hci-flashcard-iPhoneTests-Info.plist */ = {isa = PBXFileReference; lastKnownFileType = text.plist.xml; path = "hci-flashcard-iPhoneTests-Info.plist"; sourceTree = "<group>"; };
		756EDD8C18C3D63800CAF86C /* en */ = {isa = PBXFileReference; lastKnownFileType = text.plist.strings; name = en; path = en.lproj/InfoPlist.strings; sourceTree = "<group>"; };
		756EDD8E18C3D63800CAF86C /* hci_flashcard_iPhoneTests.m */ = {isa = PBXFileReference; lastKnownFileType = sourcecode.c.objc; path = hci_flashcard_iPhoneTests.m; sourceTree = "<group>"; };
		C80418C618C916420062FF91 /* CoreData.framework */ = {isa = PBXFileReference; lastKnownFileType = wrapper.framework; name = CoreData.framework; path = System/Library/Frameworks/CoreData.framework; sourceTree = SDKROOT; };
		C80418CF18C916D00062FF91 /* FlashcardModel.xcdatamodel */ = {isa = PBXFileReference; lastKnownFileType = wrapper.xcdatamodel; path = FlashcardModel.xcdatamodel; sourceTree = "<group>"; };
		C80418D418C9182E0062FF91 /* Deck.h */ = {isa = PBXFileReference; fileEncoding = 4; lastKnownFileType = sourcecode.c.h; path = Deck.h; sourceTree = "<group>"; };
		C80418D518C9182E0062FF91 /* Deck.m */ = {isa = PBXFileReference; fileEncoding = 4; lastKnownFileType = sourcecode.c.objc; path = Deck.m; sourceTree = "<group>"; };
		C8058D1218CD6904000E7819 /* CreateChooseMethodViewController.h */ = {isa = PBXFileReference; fileEncoding = 4; lastKnownFileType = sourcecode.c.h; path = CreateChooseMethodViewController.h; sourceTree = "<group>"; };
		C8058D1318CD6904000E7819 /* CreateChooseMethodViewController.m */ = {isa = PBXFileReference; fileEncoding = 4; lastKnownFileType = sourcecode.c.objc; path = CreateChooseMethodViewController.m; sourceTree = "<group>"; };
		C8058D1518CD72C7000E7819 /* CreateNewCardViewController.h */ = {isa = PBXFileReference; fileEncoding = 4; lastKnownFileType = sourcecode.c.h; path = CreateNewCardViewController.h; sourceTree = "<group>"; };
		C8058D1618CD72C7000E7819 /* CreateNewCardViewController.m */ = {isa = PBXFileReference; fileEncoding = 4; lastKnownFileType = sourcecode.c.objc; path = CreateNewCardViewController.m; sourceTree = "<group>"; };
		C8058D1818CED8D4000E7819 /* Flashcard.h */ = {isa = PBXFileReference; fileEncoding = 4; lastKnownFileType = sourcecode.c.h; path = Flashcard.h; sourceTree = "<group>"; };
		C8058D1918CED8D4000E7819 /* Flashcard.m */ = {isa = PBXFileReference; fileEncoding = 4; lastKnownFileType = sourcecode.c.objc; path = Flashcard.m; sourceTree = "<group>"; };
		C8058D1B18CEEA90000E7819 /* StudyChooseMethodViewController.h */ = {isa = PBXFileReference; fileEncoding = 4; lastKnownFileType = sourcecode.c.h; path = StudyChooseMethodViewController.h; sourceTree = "<group>"; };
		C8058D1C18CEEA90000E7819 /* StudyChooseMethodViewController.m */ = {isa = PBXFileReference; fileEncoding = 4; lastKnownFileType = sourcecode.c.objc; path = StudyChooseMethodViewController.m; sourceTree = "<group>"; };
		C8058D2218CF7D08000E7819 /* FlashcardViewController.h */ = {isa = PBXFileReference; fileEncoding = 4; lastKnownFileType = sourcecode.c.h; path = FlashcardViewController.h; sourceTree = "<group>"; };
		C8058D2318CF7D08000E7819 /* FlashcardViewController.m */ = {isa = PBXFileReference; fileEncoding = 4; lastKnownFileType = sourcecode.c.objc; path = FlashcardViewController.m; sourceTree = "<group>"; };
		C8058D2718CF8A4F000E7819 /* StudyViewCardsViewController.h */ = {isa = PBXFileReference; fileEncoding = 4; lastKnownFileType = sourcecode.c.h; path = StudyViewCardsViewController.h; sourceTree = "<group>"; };
		C8058D2818CF8A4F000E7819 /* StudyViewCardsViewController.m */ = {isa = PBXFileReference; fileEncoding = 4; lastKnownFileType = sourcecode.c.objc; path = StudyViewCardsViewController.m; sourceTree = "<group>"; };
		C8AB6EFC18C657FA005B135F /* 96-book.png */ = {isa = PBXFileReference; lastKnownFileType = image.png; name = "96-book.png"; path = "Resources/96-book.png"; sourceTree = "<group>"; };
		C8AB6EFD18C657FA005B135F /* 179-notepad.png */ = {isa = PBXFileReference; lastKnownFileType = image.png; name = "179-notepad.png"; path = "Resources/179-notepad.png"; sourceTree = "<group>"; };
		C8DA9EF418CD25D600DF1356 /* MagicalImportFunctions.h */ = {isa = PBXFileReference; fileEncoding = 4; lastKnownFileType = sourcecode.c.h; path = MagicalImportFunctions.h; sourceTree = "<group>"; };
		C8DA9EF518CD25D600DF1356 /* MagicalImportFunctions.m */ = {isa = PBXFileReference; fileEncoding = 4; lastKnownFileType = sourcecode.c.objc; path = MagicalImportFunctions.m; sourceTree = "<group>"; };
		C8DA9EF618CD25D600DF1356 /* NSAttributeDescription+MagicalDataImport.h */ = {isa = PBXFileReference; fileEncoding = 4; lastKnownFileType = sourcecode.c.h; path = "NSAttributeDescription+MagicalDataImport.h"; sourceTree = "<group>"; };
		C8DA9EF718CD25D600DF1356 /* NSAttributeDescription+MagicalDataImport.m */ = {isa = PBXFileReference; fileEncoding = 4; lastKnownFileType = sourcecode.c.objc; path = "NSAttributeDescription+MagicalDataImport.m"; sourceTree = "<group>"; };
		C8DA9EF818CD25D600DF1356 /* NSEntityDescription+MagicalDataImport.h */ = {isa = PBXFileReference; fileEncoding = 4; lastKnownFileType = sourcecode.c.h; path = "NSEntityDescription+MagicalDataImport.h"; sourceTree = "<group>"; };
		C8DA9EF918CD25D600DF1356 /* NSEntityDescription+MagicalDataImport.m */ = {isa = PBXFileReference; fileEncoding = 4; lastKnownFileType = sourcecode.c.objc; path = "NSEntityDescription+MagicalDataImport.m"; sourceTree = "<group>"; };
		C8DA9EFA18CD25D600DF1356 /* NSNumber+MagicalDataImport.h */ = {isa = PBXFileReference; fileEncoding = 4; lastKnownFileType = sourcecode.c.h; path = "NSNumber+MagicalDataImport.h"; sourceTree = "<group>"; };
		C8DA9EFB18CD25D600DF1356 /* NSNumber+MagicalDataImport.m */ = {isa = PBXFileReference; fileEncoding = 4; lastKnownFileType = sourcecode.c.objc; path = "NSNumber+MagicalDataImport.m"; sourceTree = "<group>"; };
		C8DA9EFC18CD25D600DF1356 /* NSObject+MagicalDataImport.h */ = {isa = PBXFileReference; fileEncoding = 4; lastKnownFileType = sourcecode.c.h; path = "NSObject+MagicalDataImport.h"; sourceTree = "<group>"; };
		C8DA9EFD18CD25D600DF1356 /* NSObject+MagicalDataImport.m */ = {isa = PBXFileReference; fileEncoding = 4; lastKnownFileType = sourcecode.c.objc; path = "NSObject+MagicalDataImport.m"; sourceTree = "<group>"; };
		C8DA9EFE18CD25D600DF1356 /* NSRelationshipDescription+MagicalDataImport.h */ = {isa = PBXFileReference; fileEncoding = 4; lastKnownFileType = sourcecode.c.h; path = "NSRelationshipDescription+MagicalDataImport.h"; sourceTree = "<group>"; };
		C8DA9EFF18CD25D600DF1356 /* NSRelationshipDescription+MagicalDataImport.m */ = {isa = PBXFileReference; fileEncoding = 4; lastKnownFileType = sourcecode.c.objc; path = "NSRelationshipDescription+MagicalDataImport.m"; sourceTree = "<group>"; };
		C8DA9F0018CD25D600DF1356 /* NSString+MagicalDataImport.h */ = {isa = PBXFileReference; fileEncoding = 4; lastKnownFileType = sourcecode.c.h; path = "NSString+MagicalDataImport.h"; sourceTree = "<group>"; };
		C8DA9F0118CD25D600DF1356 /* NSString+MagicalDataImport.m */ = {isa = PBXFileReference; fileEncoding = 4; lastKnownFileType = sourcecode.c.objc; path = "NSString+MagicalDataImport.m"; sourceTree = "<group>"; };
		C8DA9F0318CD25D600DF1356 /* NSManagedObject+MagicalAggregation.h */ = {isa = PBXFileReference; fileEncoding = 4; lastKnownFileType = sourcecode.c.h; path = "NSManagedObject+MagicalAggregation.h"; sourceTree = "<group>"; };
		C8DA9F0418CD25D600DF1356 /* NSManagedObject+MagicalAggregation.m */ = {isa = PBXFileReference; fileEncoding = 4; lastKnownFileType = sourcecode.c.objc; path = "NSManagedObject+MagicalAggregation.m"; sourceTree = "<group>"; };
		C8DA9F0518CD25D600DF1356 /* NSManagedObject+MagicalDataImport.h */ = {isa = PBXFileReference; fileEncoding = 4; lastKnownFileType = sourcecode.c.h; path = "NSManagedObject+MagicalDataImport.h"; sourceTree = "<group>"; };
		C8DA9F0618CD25D600DF1356 /* NSManagedObject+MagicalDataImport.m */ = {isa = PBXFileReference; fileEncoding = 4; lastKnownFileType = sourcecode.c.objc; path = "NSManagedObject+MagicalDataImport.m"; sourceTree = "<group>"; };
		C8DA9F0718CD25D600DF1356 /* NSManagedObject+MagicalFinders.h */ = {isa = PBXFileReference; fileEncoding = 4; lastKnownFileType = sourcecode.c.h; path = "NSManagedObject+MagicalFinders.h"; sourceTree = "<group>"; };
		C8DA9F0818CD25D600DF1356 /* NSManagedObject+MagicalFinders.m */ = {isa = PBXFileReference; fileEncoding = 4; lastKnownFileType = sourcecode.c.objc; path = "NSManagedObject+MagicalFinders.m"; sourceTree = "<group>"; };
		C8DA9F0918CD25D600DF1356 /* NSManagedObject+MagicalRecord.h */ = {isa = PBXFileReference; fileEncoding = 4; lastKnownFileType = sourcecode.c.h; path = "NSManagedObject+MagicalRecord.h"; sourceTree = "<group>"; };
		C8DA9F0A18CD25D600DF1356 /* NSManagedObject+MagicalRecord.m */ = {isa = PBXFileReference; fileEncoding = 4; lastKnownFileType = sourcecode.c.objc; path = "NSManagedObject+MagicalRecord.m"; sourceTree = "<group>"; };
		C8DA9F0B18CD25D600DF1356 /* NSManagedObject+MagicalRequests.h */ = {isa = PBXFileReference; fileEncoding = 4; lastKnownFileType = sourcecode.c.h; path = "NSManagedObject+MagicalRequests.h"; sourceTree = "<group>"; };
		C8DA9F0C18CD25D600DF1356 /* NSManagedObject+MagicalRequests.m */ = {isa = PBXFileReference; fileEncoding = 4; lastKnownFileType = sourcecode.c.objc; path = "NSManagedObject+MagicalRequests.m"; sourceTree = "<group>"; };
		C8DA9F0E18CD25D600DF1356 /* NSManagedObjectContext+MagicalObserving.h */ = {isa = PBXFileReference; fileEncoding = 4; lastKnownFileType = sourcecode.c.h; path = "NSManagedObjectContext+MagicalObserving.h"; sourceTree = "<group>"; };
		C8DA9F0F18CD25D600DF1356 /* NSManagedObjectContext+MagicalObserving.m */ = {isa = PBXFileReference; fileEncoding = 4; lastKnownFileType = sourcecode.c.objc; path = "NSManagedObjectContext+MagicalObserving.m"; sourceTree = "<group>"; };
		C8DA9F1018CD25D600DF1356 /* NSManagedObjectContext+MagicalRecord.h */ = {isa = PBXFileReference; fileEncoding = 4; lastKnownFileType = sourcecode.c.h; path = "NSManagedObjectContext+MagicalRecord.h"; sourceTree = "<group>"; };
		C8DA9F1118CD25D600DF1356 /* NSManagedObjectContext+MagicalRecord.m */ = {isa = PBXFileReference; fileEncoding = 4; lastKnownFileType = sourcecode.c.objc; path = "NSManagedObjectContext+MagicalRecord.m"; sourceTree = "<group>"; };
		C8DA9F1218CD25D600DF1356 /* NSManagedObjectContext+MagicalSaves.h */ = {isa = PBXFileReference; fileEncoding = 4; lastKnownFileType = sourcecode.c.h; path = "NSManagedObjectContext+MagicalSaves.h"; sourceTree = "<group>"; };
		C8DA9F1318CD25D600DF1356 /* NSManagedObjectContext+MagicalSaves.m */ = {isa = PBXFileReference; fileEncoding = 4; lastKnownFileType = sourcecode.c.objc; path = "NSManagedObjectContext+MagicalSaves.m"; sourceTree = "<group>"; };
		C8DA9F1418CD25D600DF1356 /* NSManagedObjectContext+MagicalThreading.h */ = {isa = PBXFileReference; fileEncoding = 4; lastKnownFileType = sourcecode.c.h; path = "NSManagedObjectContext+MagicalThreading.h"; sourceTree = "<group>"; };
		C8DA9F1518CD25D600DF1356 /* NSManagedObjectContext+MagicalThreading.m */ = {isa = PBXFileReference; fileEncoding = 4; lastKnownFileType = sourcecode.c.objc; path = "NSManagedObjectContext+MagicalThreading.m"; sourceTree = "<group>"; };
		C8DA9F1618CD25D600DF1356 /* NSManagedObjectModel+MagicalRecord.h */ = {isa = PBXFileReference; fileEncoding = 4; lastKnownFileType = sourcecode.c.h; path = "NSManagedObjectModel+MagicalRecord.h"; sourceTree = "<group>"; };
		C8DA9F1718CD25D600DF1356 /* NSManagedObjectModel+MagicalRecord.m */ = {isa = PBXFileReference; fileEncoding = 4; lastKnownFileType = sourcecode.c.objc; path = "NSManagedObjectModel+MagicalRecord.m"; sourceTree = "<group>"; };
		C8DA9F1818CD25D600DF1356 /* NSPersistentStore+MagicalRecord.h */ = {isa = PBXFileReference; fileEncoding = 4; lastKnownFileType = sourcecode.c.h; path = "NSPersistentStore+MagicalRecord.h"; sourceTree = "<group>"; };
		C8DA9F1918CD25D600DF1356 /* NSPersistentStore+MagicalRecord.m */ = {isa = PBXFileReference; fileEncoding = 4; lastKnownFileType = sourcecode.c.objc; path = "NSPersistentStore+MagicalRecord.m"; sourceTree = "<group>"; };
		C8DA9F1A18CD25D600DF1356 /* NSPersistentStoreCoordinator+MagicalRecord.h */ = {isa = PBXFileReference; fileEncoding = 4; lastKnownFileType = sourcecode.c.h; path = "NSPersistentStoreCoordinator+MagicalRecord.h"; sourceTree = "<group>"; };
		C8DA9F1B18CD25D600DF1356 /* NSPersistentStoreCoordinator+MagicalRecord.m */ = {isa = PBXFileReference; fileEncoding = 4; lastKnownFileType = sourcecode.c.objc; path = "NSPersistentStoreCoordinator+MagicalRecord.m"; sourceTree = "<group>"; };
		C8DA9F1D18CD25D600DF1356 /* MagicalRecord+Actions.h */ = {isa = PBXFileReference; fileEncoding = 4; lastKnownFileType = sourcecode.c.h; path = "MagicalRecord+Actions.h"; sourceTree = "<group>"; };
		C8DA9F1E18CD25D600DF1356 /* MagicalRecord+Actions.m */ = {isa = PBXFileReference; fileEncoding = 4; lastKnownFileType = sourcecode.c.objc; path = "MagicalRecord+Actions.m"; sourceTree = "<group>"; };
		C8DA9F1F18CD25D600DF1356 /* MagicalRecord+ErrorHandling.h */ = {isa = PBXFileReference; fileEncoding = 4; lastKnownFileType = sourcecode.c.h; path = "MagicalRecord+ErrorHandling.h"; sourceTree = "<group>"; };
		C8DA9F2018CD25D600DF1356 /* MagicalRecord+ErrorHandling.m */ = {isa = PBXFileReference; fileEncoding = 4; lastKnownFileType = sourcecode.c.objc; path = "MagicalRecord+ErrorHandling.m"; sourceTree = "<group>"; };
		C8DA9F2118CD25D600DF1356 /* MagicalRecord+iCloud.h */ = {isa = PBXFileReference; fileEncoding = 4; lastKnownFileType = sourcecode.c.h; path = "MagicalRecord+iCloud.h"; sourceTree = "<group>"; };
		C8DA9F2218CD25D600DF1356 /* MagicalRecord+iCloud.m */ = {isa = PBXFileReference; fileEncoding = 4; lastKnownFileType = sourcecode.c.objc; path = "MagicalRecord+iCloud.m"; sourceTree = "<group>"; };
		C8DA9F2318CD25D600DF1356 /* MagicalRecord+Options.h */ = {isa = PBXFileReference; fileEncoding = 4; lastKnownFileType = sourcecode.c.h; path = "MagicalRecord+Options.h"; sourceTree = "<group>"; };
		C8DA9F2418CD25D600DF1356 /* MagicalRecord+Options.m */ = {isa = PBXFileReference; fileEncoding = 4; lastKnownFileType = sourcecode.c.objc; path = "MagicalRecord+Options.m"; sourceTree = "<group>"; };
		C8DA9F2518CD25D600DF1356 /* MagicalRecord+Setup.h */ = {isa = PBXFileReference; fileEncoding = 4; lastKnownFileType = sourcecode.c.h; path = "MagicalRecord+Setup.h"; sourceTree = "<group>"; };
		C8DA9F2618CD25D600DF1356 /* MagicalRecord+Setup.m */ = {isa = PBXFileReference; fileEncoding = 4; lastKnownFileType = sourcecode.c.objc; path = "MagicalRecord+Setup.m"; sourceTree = "<group>"; };
		C8DA9F2718CD25D600DF1356 /* MagicalRecord+ShorthandSupport.h */ = {isa = PBXFileReference; fileEncoding = 4; lastKnownFileType = sourcecode.c.h; path = "MagicalRecord+ShorthandSupport.h"; sourceTree = "<group>"; };
		C8DA9F2818CD25D600DF1356 /* MagicalRecord+ShorthandSupport.m */ = {isa = PBXFileReference; fileEncoding = 4; lastKnownFileType = sourcecode.c.objc; path = "MagicalRecord+ShorthandSupport.m"; sourceTree = "<group>"; };
		C8DA9F2918CD25D600DF1356 /* MagicalRecord.h */ = {isa = PBXFileReference; fileEncoding = 4; lastKnownFileType = sourcecode.c.h; path = MagicalRecord.h; sourceTree = "<group>"; };
		C8DA9F2A18CD25D600DF1356 /* MagicalRecord.m */ = {isa = PBXFileReference; fileEncoding = 4; lastKnownFileType = sourcecode.c.objc; path = MagicalRecord.m; sourceTree = "<group>"; };
		C8DA9F2B18CD25D600DF1356 /* MagicalRecordShorthand.h */ = {isa = PBXFileReference; fileEncoding = 4; lastKnownFileType = sourcecode.c.h; path = MagicalRecordShorthand.h; sourceTree = "<group>"; };
		C8DA9F2C18CD25D600DF1356 /* CoreData+MagicalRecord.h */ = {isa = PBXFileReference; fileEncoding = 4; lastKnownFileType = sourcecode.c.h; path = "CoreData+MagicalRecord.h"; sourceTree = "<group>"; };
/* End PBXFileReference section */

/* Begin PBXFrameworksBuildPhase section */
		756EDD5A18C3D63700CAF86C /* Frameworks */ = {
			isa = PBXFrameworksBuildPhase;
			buildActionMask = 2147483647;
			files = (
				C80418C718C916420062FF91 /* CoreData.framework in Frameworks */,
				756EDD6318C3D63700CAF86C /* CoreGraphics.framework in Frameworks */,
				756EDD6518C3D63700CAF86C /* UIKit.framework in Frameworks */,
				756EDD6118C3D63700CAF86C /* Foundation.framework in Frameworks */,
			);
			runOnlyForDeploymentPostprocessing = 0;
		};
		756EDD7E18C3D63800CAF86C /* Frameworks */ = {
			isa = PBXFrameworksBuildPhase;
			buildActionMask = 2147483647;
			files = (
				C8DA9E6218CD224700DF1356 /* CoreData.framework in Frameworks */,
				756EDD8318C3D63800CAF86C /* XCTest.framework in Frameworks */,
				756EDD8518C3D63800CAF86C /* UIKit.framework in Frameworks */,
				756EDD8418C3D63800CAF86C /* Foundation.framework in Frameworks */,
			);
			runOnlyForDeploymentPostprocessing = 0;
		};
/* End PBXFrameworksBuildPhase section */

/* Begin PBXGroup section */
		756EDD5418C3D63700CAF86C = {
			isa = PBXGroup;
			children = (
				C8DA9EF118CD25D600DF1356 /* MagicalRecord */,
				756EDD6618C3D63700CAF86C /* hci-flashcard-iPhone */,
				756EDD8818C3D63800CAF86C /* hci-flashcard-iPhoneTests */,
				756EDD5F18C3D63700CAF86C /* Frameworks */,
				756EDD5E18C3D63700CAF86C /* Products */,
				C8AB6F0018C65808005B135F /* Resources */,
			);
			sourceTree = "<group>";
		};
		756EDD5E18C3D63700CAF86C /* Products */ = {
			isa = PBXGroup;
			children = (
				756EDD5D18C3D63700CAF86C /* hci-flashcard-iPhone.app */,
				756EDD8118C3D63800CAF86C /* hci-flashcard-iPhoneTests.xctest */,
			);
			name = Products;
			sourceTree = "<group>";
		};
		756EDD5F18C3D63700CAF86C /* Frameworks */ = {
			isa = PBXGroup;
			children = (
				C80418C618C916420062FF91 /* CoreData.framework */,
				756EDD6018C3D63700CAF86C /* Foundation.framework */,
				756EDD6218C3D63700CAF86C /* CoreGraphics.framework */,
				756EDD6418C3D63700CAF86C /* UIKit.framework */,
				756EDD8218C3D63800CAF86C /* XCTest.framework */,
			);
			name = Frameworks;
			sourceTree = "<group>";
		};
		756EDD6618C3D63700CAF86C /* hci-flashcard-iPhone */ = {
			isa = PBXGroup;
			children = (
				756EDD6F18C3D63700CAF86C /* AppDelegate.h */,
				756EDD7018C3D63700CAF86C /* AppDelegate.m */,
				756EDD7218C3D63700CAF86C /* Main.storyboard */,
				C8058D1E18CEEAA0000E7819 /* Views - Create */,
				C8058D1F18CEEADA000E7819 /* Views - Study */,
				C8058D2118CF7C6E000E7819 /* Views - Flashcard */,
				C8058D2018CEEAF5000E7819 /* Database */,
				756EDD7B18C3D63800CAF86C /* Images.xcassets */,
				756EDD6718C3D63700CAF86C /* Supporting Files */,
			);
			path = "hci-flashcard-iPhone";
			sourceTree = "<group>";
		};
		756EDD6718C3D63700CAF86C /* Supporting Files */ = {
			isa = PBXGroup;
			children = (
				756EDD6818C3D63700CAF86C /* hci-flashcard-iPhone-Info.plist */,
				756EDD6918C3D63700CAF86C /* InfoPlist.strings */,
				756EDD6C18C3D63700CAF86C /* main.m */,
				756EDD6E18C3D63700CAF86C /* hci-flashcard-iPhone-Prefix.pch */,
			);
			name = "Supporting Files";
			sourceTree = "<group>";
		};
		756EDD8818C3D63800CAF86C /* hci-flashcard-iPhoneTests */ = {
			isa = PBXGroup;
			children = (
				756EDD8E18C3D63800CAF86C /* hci_flashcard_iPhoneTests.m */,
				756EDD8918C3D63800CAF86C /* Supporting Files */,
			);
			path = "hci-flashcard-iPhoneTests";
			sourceTree = "<group>";
		};
		756EDD8918C3D63800CAF86C /* Supporting Files */ = {
			isa = PBXGroup;
			children = (
				756EDD8A18C3D63800CAF86C /* hci-flashcard-iPhoneTests-Info.plist */,
				756EDD8B18C3D63800CAF86C /* InfoPlist.strings */,
			);
			name = "Supporting Files";
			sourceTree = "<group>";
		};
		C8058D1E18CEEAA0000E7819 /* Views - Create */ = {
			isa = PBXGroup;
			children = (
				756EDD7818C3D63700CAF86C /* CreateEditListViewController.h */,
				756EDD7918C3D63700CAF86C /* CreateEditListViewController.m */,
				C8058D1218CD6904000E7819 /* CreateChooseMethodViewController.h */,
				C8058D1318CD6904000E7819 /* CreateChooseMethodViewController.m */,
				C8058D1518CD72C7000E7819 /* CreateNewCardViewController.h */,
				C8058D1618CD72C7000E7819 /* CreateNewCardViewController.m */,
			);
			name = "Views - Create";
			sourceTree = "<group>";
		};
		C8058D1F18CEEADA000E7819 /* Views - Study */ = {
			isa = PBXGroup;
			children = (
				756EDD7518C3D63700CAF86C /* StudyChooseListViewController.h */,
				756EDD7618C3D63700CAF86C /* StudyChooseListViewController.m */,
				C8058D1B18CEEA90000E7819 /* StudyChooseMethodViewController.h */,
				C8058D1C18CEEA90000E7819 /* StudyChooseMethodViewController.m */,
				C8058D2718CF8A4F000E7819 /* StudyViewCardsViewController.h */,
				C8058D2818CF8A4F000E7819 /* StudyViewCardsViewController.m */,
			);
			name = "Views - Study";
			sourceTree = "<group>";
		};
		C8058D2018CEEAF5000E7819 /* Database */ = {
			isa = PBXGroup;
			children = (
				C80418CE18C916D00062FF91 /* FlashcardModel.xcdatamodeld */,
				C80418D418C9182E0062FF91 /* Deck.h */,
				C80418D518C9182E0062FF91 /* Deck.m */,
				C8058D1818CED8D4000E7819 /* Flashcard.h */,
				C8058D1918CED8D4000E7819 /* Flashcard.m */,
			);
			name = Database;
			sourceTree = "<group>";
		};
		C8058D2118CF7C6E000E7819 /* Views - Flashcard */ = {
			isa = PBXGroup;
			children = (
				C8058D2218CF7D08000E7819 /* FlashcardViewController.h */,
				C8058D2318CF7D08000E7819 /* FlashcardViewController.m */,
			);
			name = "Views - Flashcard";
			sourceTree = "<group>";
		};
		C8AB6F0018C65808005B135F /* Resources */ = {
			isa = PBXGroup;
			children = (
				C8AB6EFC18C657FA005B135F /* 96-book.png */,
				C8AB6EFD18C657FA005B135F /* 179-notepad.png */,
			);
			name = Resources;
			sourceTree = "<group>";
		};
		C8DA9EF118CD25D600DF1356 /* MagicalRecord */ = {
			isa = PBXGroup;
			children = (
				C8DA9EF218CD25D600DF1356 /* Categories */,
				C8DA9F1C18CD25D600DF1356 /* Core */,
				C8DA9F2C18CD25D600DF1356 /* CoreData+MagicalRecord.h */,
			);
			path = MagicalRecord;
			sourceTree = "<group>";
		};
		C8DA9EF218CD25D600DF1356 /* Categories */ = {
			isa = PBXGroup;
			children = (
				C8DA9EF318CD25D600DF1356 /* DataImport */,
				C8DA9F0218CD25D600DF1356 /* NSManagedObject */,
				C8DA9F0D18CD25D600DF1356 /* NSManagedObjectContext */,
				C8DA9F1618CD25D600DF1356 /* NSManagedObjectModel+MagicalRecord.h */,
				C8DA9F1718CD25D600DF1356 /* NSManagedObjectModel+MagicalRecord.m */,
				C8DA9F1818CD25D600DF1356 /* NSPersistentStore+MagicalRecord.h */,
				C8DA9F1918CD25D600DF1356 /* NSPersistentStore+MagicalRecord.m */,
				C8DA9F1A18CD25D600DF1356 /* NSPersistentStoreCoordinator+MagicalRecord.h */,
				C8DA9F1B18CD25D600DF1356 /* NSPersistentStoreCoordinator+MagicalRecord.m */,
			);
			path = Categories;
			sourceTree = "<group>";
		};
		C8DA9EF318CD25D600DF1356 /* DataImport */ = {
			isa = PBXGroup;
			children = (
				C8DA9EF418CD25D600DF1356 /* MagicalImportFunctions.h */,
				C8DA9EF518CD25D600DF1356 /* MagicalImportFunctions.m */,
				C8DA9EF618CD25D600DF1356 /* NSAttributeDescription+MagicalDataImport.h */,
				C8DA9EF718CD25D600DF1356 /* NSAttributeDescription+MagicalDataImport.m */,
				C8DA9EF818CD25D600DF1356 /* NSEntityDescription+MagicalDataImport.h */,
				C8DA9EF918CD25D600DF1356 /* NSEntityDescription+MagicalDataImport.m */,
				C8DA9EFA18CD25D600DF1356 /* NSNumber+MagicalDataImport.h */,
				C8DA9EFB18CD25D600DF1356 /* NSNumber+MagicalDataImport.m */,
				C8DA9EFC18CD25D600DF1356 /* NSObject+MagicalDataImport.h */,
				C8DA9EFD18CD25D600DF1356 /* NSObject+MagicalDataImport.m */,
				C8DA9EFE18CD25D600DF1356 /* NSRelationshipDescription+MagicalDataImport.h */,
				C8DA9EFF18CD25D600DF1356 /* NSRelationshipDescription+MagicalDataImport.m */,
				C8DA9F0018CD25D600DF1356 /* NSString+MagicalDataImport.h */,
				C8DA9F0118CD25D600DF1356 /* NSString+MagicalDataImport.m */,
			);
			path = DataImport;
			sourceTree = "<group>";
		};
		C8DA9F0218CD25D600DF1356 /* NSManagedObject */ = {
			isa = PBXGroup;
			children = (
				C8DA9F0318CD25D600DF1356 /* NSManagedObject+MagicalAggregation.h */,
				C8DA9F0418CD25D600DF1356 /* NSManagedObject+MagicalAggregation.m */,
				C8DA9F0518CD25D600DF1356 /* NSManagedObject+MagicalDataImport.h */,
				C8DA9F0618CD25D600DF1356 /* NSManagedObject+MagicalDataImport.m */,
				C8DA9F0718CD25D600DF1356 /* NSManagedObject+MagicalFinders.h */,
				C8DA9F0818CD25D600DF1356 /* NSManagedObject+MagicalFinders.m */,
				C8DA9F0918CD25D600DF1356 /* NSManagedObject+MagicalRecord.h */,
				C8DA9F0A18CD25D600DF1356 /* NSManagedObject+MagicalRecord.m */,
				C8DA9F0B18CD25D600DF1356 /* NSManagedObject+MagicalRequests.h */,
				C8DA9F0C18CD25D600DF1356 /* NSManagedObject+MagicalRequests.m */,
			);
			path = NSManagedObject;
			sourceTree = "<group>";
		};
		C8DA9F0D18CD25D600DF1356 /* NSManagedObjectContext */ = {
			isa = PBXGroup;
			children = (
				C8DA9F0E18CD25D600DF1356 /* NSManagedObjectContext+MagicalObserving.h */,
				C8DA9F0F18CD25D600DF1356 /* NSManagedObjectContext+MagicalObserving.m */,
				C8DA9F1018CD25D600DF1356 /* NSManagedObjectContext+MagicalRecord.h */,
				C8DA9F1118CD25D600DF1356 /* NSManagedObjectContext+MagicalRecord.m */,
				C8DA9F1218CD25D600DF1356 /* NSManagedObjectContext+MagicalSaves.h */,
				C8DA9F1318CD25D600DF1356 /* NSManagedObjectContext+MagicalSaves.m */,
				C8DA9F1418CD25D600DF1356 /* NSManagedObjectContext+MagicalThreading.h */,
				C8DA9F1518CD25D600DF1356 /* NSManagedObjectContext+MagicalThreading.m */,
			);
			path = NSManagedObjectContext;
			sourceTree = "<group>";
		};
		C8DA9F1C18CD25D600DF1356 /* Core */ = {
			isa = PBXGroup;
			children = (
				C8DA9F1D18CD25D600DF1356 /* MagicalRecord+Actions.h */,
				C8DA9F1E18CD25D600DF1356 /* MagicalRecord+Actions.m */,
				C8DA9F1F18CD25D600DF1356 /* MagicalRecord+ErrorHandling.h */,
				C8DA9F2018CD25D600DF1356 /* MagicalRecord+ErrorHandling.m */,
				C8DA9F2118CD25D600DF1356 /* MagicalRecord+iCloud.h */,
				C8DA9F2218CD25D600DF1356 /* MagicalRecord+iCloud.m */,
				C8DA9F2318CD25D600DF1356 /* MagicalRecord+Options.h */,
				C8DA9F2418CD25D600DF1356 /* MagicalRecord+Options.m */,
				C8DA9F2518CD25D600DF1356 /* MagicalRecord+Setup.h */,
				C8DA9F2618CD25D600DF1356 /* MagicalRecord+Setup.m */,
				C8DA9F2718CD25D600DF1356 /* MagicalRecord+ShorthandSupport.h */,
				C8DA9F2818CD25D600DF1356 /* MagicalRecord+ShorthandSupport.m */,
				C8DA9F2918CD25D600DF1356 /* MagicalRecord.h */,
				C8DA9F2A18CD25D600DF1356 /* MagicalRecord.m */,
				C8DA9F2B18CD25D600DF1356 /* MagicalRecordShorthand.h */,
			);
			path = Core;
			sourceTree = "<group>";
		};
/* End PBXGroup section */

/* Begin PBXNativeTarget section */
		756EDD5C18C3D63700CAF86C /* hci-flashcard-iPhone */ = {
			isa = PBXNativeTarget;
			buildConfigurationList = 756EDD9218C3D63800CAF86C /* Build configuration list for PBXNativeTarget "hci-flashcard-iPhone" */;
			buildPhases = (
				756EDD5918C3D63700CAF86C /* Sources */,
				756EDD5A18C3D63700CAF86C /* Frameworks */,
				756EDD5B18C3D63700CAF86C /* Resources */,
			);
			buildRules = (
			);
			dependencies = (
			);
			name = "hci-flashcard-iPhone";
			productName = "hci-flashcard-iPhone";
			productReference = 756EDD5D18C3D63700CAF86C /* hci-flashcard-iPhone.app */;
			productType = "com.apple.product-type.application";
		};
		756EDD8018C3D63800CAF86C /* hci-flashcard-iPhoneTests */ = {
			isa = PBXNativeTarget;
			buildConfigurationList = 756EDD9518C3D63800CAF86C /* Build configuration list for PBXNativeTarget "hci-flashcard-iPhoneTests" */;
			buildPhases = (
				756EDD7D18C3D63800CAF86C /* Sources */,
				756EDD7E18C3D63800CAF86C /* Frameworks */,
				756EDD7F18C3D63800CAF86C /* Resources */,
			);
			buildRules = (
			);
			dependencies = (
				756EDD8718C3D63800CAF86C /* PBXTargetDependency */,
			);
			name = "hci-flashcard-iPhoneTests";
			productName = "hci-flashcard-iPhoneTests";
			productReference = 756EDD8118C3D63800CAF86C /* hci-flashcard-iPhoneTests.xctest */;
			productType = "com.apple.product-type.bundle.unit-test";
		};
/* End PBXNativeTarget section */

/* Begin PBXProject section */
		756EDD5518C3D63700CAF86C /* Project object */ = {
			isa = PBXProject;
			attributes = {
				LastUpgradeCheck = 0500;
				ORGANIZATIONNAME = CMPE131;
				TargetAttributes = {
					756EDD8018C3D63800CAF86C = {
						TestTargetID = 756EDD5C18C3D63700CAF86C;
					};
				};
			};
			buildConfigurationList = 756EDD5818C3D63700CAF86C /* Build configuration list for PBXProject "hci-flashcard-iPhone" */;
			compatibilityVersion = "Xcode 3.2";
			developmentRegion = English;
			hasScannedForEncodings = 0;
			knownRegions = (
				en,
				Base,
			);
			mainGroup = 756EDD5418C3D63700CAF86C;
			productRefGroup = 756EDD5E18C3D63700CAF86C /* Products */;
			projectDirPath = "";
			projectRoot = "";
			targets = (
				756EDD5C18C3D63700CAF86C /* hci-flashcard-iPhone */,
				756EDD8018C3D63800CAF86C /* hci-flashcard-iPhoneTests */,
			);
		};
/* End PBXProject section */

/* Begin PBXResourcesBuildPhase section */
		756EDD5B18C3D63700CAF86C /* Resources */ = {
			isa = PBXResourcesBuildPhase;
			buildActionMask = 2147483647;
			files = (
				756EDD7C18C3D63800CAF86C /* Images.xcassets in Resources */,
				C8AB6EFE18C657FA005B135F /* 96-book.png in Resources */,
				756EDD6B18C3D63700CAF86C /* InfoPlist.strings in Resources */,
				756EDD7418C3D63700CAF86C /* Main.storyboard in Resources */,
				C8AB6EFF18C657FA005B135F /* 179-notepad.png in Resources */,
			);
			runOnlyForDeploymentPostprocessing = 0;
		};
		756EDD7F18C3D63800CAF86C /* Resources */ = {
			isa = PBXResourcesBuildPhase;
			buildActionMask = 2147483647;
			files = (
				756EDD8D18C3D63800CAF86C /* InfoPlist.strings in Resources */,
			);
			runOnlyForDeploymentPostprocessing = 0;
		};
/* End PBXResourcesBuildPhase section */

/* Begin PBXSourcesBuildPhase section */
		756EDD5918C3D63700CAF86C /* Sources */ = {
			isa = PBXSourcesBuildPhase;
			buildActionMask = 2147483647;
			files = (
				756EDD7A18C3D63700CAF86C /* CreateEditListViewController.m in Sources */,
				C8058D2918CF8A4F000E7819 /* StudyViewCardsViewController.m in Sources */,
				C8DA9F4018CD25D700DF1356 /* MagicalRecord+Actions.m in Sources */,
				C8058D1418CD6904000E7819 /* CreateChooseMethodViewController.m in Sources */,
				C8DA9F4318CD25D700DF1356 /* MagicalRecord+Options.m in Sources */,
				C8058D1718CD72C7000E7819 /* CreateNewCardViewController.m in Sources */,
				C8DA9F3E18CD25D700DF1356 /* NSPersistentStore+MagicalRecord.m in Sources */,
				C80418D618C9182E0062FF91 /* Deck.m in Sources */,
				C8DA9F4218CD25D700DF1356 /* MagicalRecord+iCloud.m in Sources */,
				C8DA9F2F18CD25D600DF1356 /* NSEntityDescription+MagicalDataImport.m in Sources */,
				756EDD7118C3D63700CAF86C /* AppDelegate.m in Sources */,
				C8DA9F3318CD25D600DF1356 /* NSString+MagicalDataImport.m in Sources */,
				C8DA9F3C18CD25D700DF1356 /* NSManagedObjectContext+MagicalThreading.m in Sources */,
				C8DA9F3918CD25D700DF1356 /* NSManagedObjectContext+MagicalObserving.m in Sources */,
				C8DA9F3118CD25D600DF1356 /* NSObject+MagicalDataImport.m in Sources */,
				756EDD7718C3D63700CAF86C /* StudyChooseListViewController.m in Sources */,
				C8DA9F2D18CD25D600DF1356 /* MagicalImportFunctions.m in Sources */,
				C8DA9F3718CD25D600DF1356 /* NSManagedObject+MagicalRecord.m in Sources */,
				C8058D2418CF7D08000E7819 /* FlashcardViewController.m in Sources */,
				C8DA9F3B18CD25D700DF1356 /* NSManagedObjectContext+MagicalSaves.m in Sources */,
				C8DA9F4118CD25D700DF1356 /* MagicalRecord+ErrorHandling.m in Sources */,
				C8DA9F3F18CD25D700DF1356 /* NSPersistentStoreCoordinator+MagicalRecord.m in Sources */,
				C8DA9F3518CD25D600DF1356 /* NSManagedObject+MagicalDataImport.m in Sources */,
				C8058D1A18CED8D4000E7819 /* Flashcard.m in Sources */,
				C8DA9F3A18CD25D700DF1356 /* NSManagedObjectContext+MagicalRecord.m in Sources */,
				C8DA9F3418CD25D600DF1356 /* NSManagedObject+MagicalAggregation.m in Sources */,
				C8DA9F4518CD25D700DF1356 /* MagicalRecord+ShorthandSupport.m in Sources */,
				C8DA9F3818CD25D700DF1356 /* NSManagedObject+MagicalRequests.m in Sources */,
				C8DA9F2E18CD25D600DF1356 /* NSAttributeDescription+MagicalDataImport.m in Sources */,
				C8DA9F4618CD25D700DF1356 /* MagicalRecord.m in Sources */,
				756EDD6D18C3D63700CAF86C /* main.m in Sources */,
				C8DA9F4418CD25D700DF1356 /* MagicalRecord+Setup.m in Sources */,
				C8058D1D18CEEA90000E7819 /* StudyChooseMethodViewController.m in Sources */,
				C8DA9F3218CD25D600DF1356 /* NSRelationshipDescription+MagicalDataImport.m in Sources */,
				C80418D018C916D00062FF91 /* FlashcardModel.xcdatamodeld in Sources */,
				C8DA9F3D18CD25D700DF1356 /* NSManagedObjectModel+MagicalRecord.m in Sources */,
				C8DA9F3018CD25D600DF1356 /* NSNumber+MagicalDataImport.m in Sources */,
				C8DA9F3618CD25D600DF1356 /* NSManagedObject+MagicalFinders.m in Sources */,
			);
			runOnlyForDeploymentPostprocessing = 0;
		};
		756EDD7D18C3D63800CAF86C /* Sources */ = {
			isa = PBXSourcesBuildPhase;
			buildActionMask = 2147483647;
			files = (
				756EDD8F18C3D63800CAF86C /* hci_flashcard_iPhoneTests.m in Sources */,
			);
			runOnlyForDeploymentPostprocessing = 0;
		};
/* End PBXSourcesBuildPhase section */

/* Begin PBXTargetDependency section */
		756EDD8718C3D63800CAF86C /* PBXTargetDependency */ = {
			isa = PBXTargetDependency;
			target = 756EDD5C18C3D63700CAF86C /* hci-flashcard-iPhone */;
			targetProxy = 756EDD8618C3D63800CAF86C /* PBXContainerItemProxy */;
		};
/* End PBXTargetDependency section */

/* Begin PBXVariantGroup section */
		756EDD6918C3D63700CAF86C /* InfoPlist.strings */ = {
			isa = PBXVariantGroup;
			children = (
				756EDD6A18C3D63700CAF86C /* en */,
			);
			name = InfoPlist.strings;
			sourceTree = "<group>";
		};
		756EDD7218C3D63700CAF86C /* Main.storyboard */ = {
			isa = PBXVariantGroup;
			children = (
				756EDD7318C3D63700CAF86C /* Base */,
			);
			name = Main.storyboard;
			sourceTree = "<group>";
		};
		756EDD8B18C3D63800CAF86C /* InfoPlist.strings */ = {
			isa = PBXVariantGroup;
			children = (
				756EDD8C18C3D63800CAF86C /* en */,
			);
			name = InfoPlist.strings;
			sourceTree = "<group>";
		};
/* End PBXVariantGroup section */

/* Begin XCBuildConfiguration section */
		756EDD9018C3D63800CAF86C /* Debug */ = {
			isa = XCBuildConfiguration;
			buildSettings = {
				ALWAYS_SEARCH_USER_PATHS = NO;
				ARCHS = "$(ARCHS_STANDARD_INCLUDING_64_BIT)";
				CLANG_CXX_LANGUAGE_STANDARD = "gnu++0x";
				CLANG_CXX_LIBRARY = "libc++";
				CLANG_ENABLE_MODULES = YES;
				CLANG_ENABLE_OBJC_ARC = YES;
				CLANG_WARN_BOOL_CONVERSION = YES;
				CLANG_WARN_CONSTANT_CONVERSION = YES;
				CLANG_WARN_DIRECT_OBJC_ISA_USAGE = YES_ERROR;
				CLANG_WARN_EMPTY_BODY = YES;
				CLANG_WARN_ENUM_CONVERSION = YES;
				CLANG_WARN_INT_CONVERSION = YES;
				CLANG_WARN_OBJC_ROOT_CLASS = YES_ERROR;
				CLANG_WARN__DUPLICATE_METHOD_MATCH = YES;
				"CODE_SIGN_IDENTITY[sdk=iphoneos*]" = "iPhone Developer";
				COPY_PHASE_STRIP = NO;
				GCC_C_LANGUAGE_STANDARD = gnu99;
				GCC_DYNAMIC_NO_PIC = NO;
				GCC_OPTIMIZATION_LEVEL = 0;
				GCC_PREPROCESSOR_DEFINITIONS = (
					"DEBUG=1",
					"$(inherited)",
				);
				GCC_SYMBOLS_PRIVATE_EXTERN = NO;
				GCC_WARN_64_TO_32_BIT_CONVERSION = YES;
				GCC_WARN_ABOUT_RETURN_TYPE = YES_ERROR;
				GCC_WARN_UNDECLARED_SELECTOR = YES;
				GCC_WARN_UNINITIALIZED_AUTOS = YES;
				GCC_WARN_UNUSED_FUNCTION = YES;
				GCC_WARN_UNUSED_VARIABLE = YES;
				IPHONEOS_DEPLOYMENT_TARGET = 7.0;
				ONLY_ACTIVE_ARCH = YES;
				SDKROOT = iphoneos;
			};
			name = Debug;
		};
		756EDD9118C3D63800CAF86C /* Release */ = {
			isa = XCBuildConfiguration;
			buildSettings = {
				ALWAYS_SEARCH_USER_PATHS = NO;
				ARCHS = "$(ARCHS_STANDARD_INCLUDING_64_BIT)";
				CLANG_CXX_LANGUAGE_STANDARD = "gnu++0x";
				CLANG_CXX_LIBRARY = "libc++";
				CLANG_ENABLE_MODULES = YES;
				CLANG_ENABLE_OBJC_ARC = YES;
				CLANG_WARN_BOOL_CONVERSION = YES;
				CLANG_WARN_CONSTANT_CONVERSION = YES;
				CLANG_WARN_DIRECT_OBJC_ISA_USAGE = YES_ERROR;
				CLANG_WARN_EMPTY_BODY = YES;
				CLANG_WARN_ENUM_CONVERSION = YES;
				CLANG_WARN_INT_CONVERSION = YES;
				CLANG_WARN_OBJC_ROOT_CLASS = YES_ERROR;
				CLANG_WARN__DUPLICATE_METHOD_MATCH = YES;
				"CODE_SIGN_IDENTITY[sdk=iphoneos*]" = "iPhone Developer";
				COPY_PHASE_STRIP = YES;
				ENABLE_NS_ASSERTIONS = NO;
				GCC_C_LANGUAGE_STANDARD = gnu99;
				GCC_WARN_64_TO_32_BIT_CONVERSION = YES;
				GCC_WARN_ABOUT_RETURN_TYPE = YES_ERROR;
				GCC_WARN_UNDECLARED_SELECTOR = YES;
				GCC_WARN_UNINITIALIZED_AUTOS = YES;
				GCC_WARN_UNUSED_FUNCTION = YES;
				GCC_WARN_UNUSED_VARIABLE = YES;
				IPHONEOS_DEPLOYMENT_TARGET = 7.0;
				SDKROOT = iphoneos;
				VALIDATE_PRODUCT = YES;
			};
			name = Release;
		};
		756EDD9318C3D63800CAF86C /* Debug */ = {
			isa = XCBuildConfiguration;
			buildSettings = {
				ASSETCATALOG_COMPILER_APPICON_NAME = AppIcon;
				ASSETCATALOG_COMPILER_LAUNCHIMAGE_NAME = LaunchImage;
				GCC_PRECOMPILE_PREFIX_HEADER = YES;
				GCC_PREFIX_HEADER = "hci-flashcard-iPhone/hci-flashcard-iPhone-Prefix.pch";
				INFOPLIST_FILE = "hci-flashcard-iPhone/hci-flashcard-iPhone-Info.plist";
				PRODUCT_NAME = "$(TARGET_NAME)";
				WRAPPER_EXTENSION = app;
			};
			name = Debug;
		};
		756EDD9418C3D63800CAF86C /* Release */ = {
			isa = XCBuildConfiguration;
			buildSettings = {
				ASSETCATALOG_COMPILER_APPICON_NAME = AppIcon;
				ASSETCATALOG_COMPILER_LAUNCHIMAGE_NAME = LaunchImage;
				GCC_PRECOMPILE_PREFIX_HEADER = YES;
				GCC_PREFIX_HEADER = "hci-flashcard-iPhone/hci-flashcard-iPhone-Prefix.pch";
				INFOPLIST_FILE = "hci-flashcard-iPhone/hci-flashcard-iPhone-Info.plist";
				PRODUCT_NAME = "$(TARGET_NAME)";
				WRAPPER_EXTENSION = app;
			};
			name = Release;
		};
		756EDD9618C3D63800CAF86C /* Debug */ = {
			isa = XCBuildConfiguration;
			buildSettings = {
				ARCHS = "$(ARCHS_STANDARD_INCLUDING_64_BIT)";
				BUNDLE_LOADER = "$(BUILT_PRODUCTS_DIR)/hci-flashcard-iPhone.app/hci-flashcard-iPhone";
				FRAMEWORK_SEARCH_PATHS = (
					"$(SDKROOT)/Developer/Library/Frameworks",
					"$(inherited)",
					"$(DEVELOPER_FRAMEWORKS_DIR)",
				);
				GCC_PRECOMPILE_PREFIX_HEADER = YES;
				GCC_PREFIX_HEADER = "hci-flashcard-iPhone/hci-flashcard-iPhone-Prefix.pch";
				GCC_PREPROCESSOR_DEFINITIONS = (
					"DEBUG=1",
					"$(inherited)",
				);
				INFOPLIST_FILE = "hci-flashcard-iPhoneTests/hci-flashcard-iPhoneTests-Info.plist";
				PRODUCT_NAME = "$(TARGET_NAME)";
				TEST_HOST = "$(BUNDLE_LOADER)";
				WRAPPER_EXTENSION = xctest;
			};
			name = Debug;
		};
		756EDD9718C3D63800CAF86C /* Release */ = {
			isa = XCBuildConfiguration;
			buildSettings = {
				ARCHS = "$(ARCHS_STANDARD_INCLUDING_64_BIT)";
				BUNDLE_LOADER = "$(BUILT_PRODUCTS_DIR)/hci-flashcard-iPhone.app/hci-flashcard-iPhone";
				FRAMEWORK_SEARCH_PATHS = (
					"$(SDKROOT)/Developer/Library/Frameworks",
					"$(inherited)",
					"$(DEVELOPER_FRAMEWORKS_DIR)",
				);
				GCC_PRECOMPILE_PREFIX_HEADER = YES;
				GCC_PREFIX_HEADER = "hci-flashcard-iPhone/hci-flashcard-iPhone-Prefix.pch";
				INFOPLIST_FILE = "hci-flashcard-iPhoneTests/hci-flashcard-iPhoneTests-Info.plist";
				PRODUCT_NAME = "$(TARGET_NAME)";
				TEST_HOST = "$(BUNDLE_LOADER)";
				WRAPPER_EXTENSION = xctest;
			};
			name = Release;
		};
/* End XCBuildConfiguration section */

/* Begin XCConfigurationList section */
		756EDD5818C3D63700CAF86C /* Build configuration list for PBXProject "hci-flashcard-iPhone" */ = {
			isa = XCConfigurationList;
			buildConfigurations = (
				756EDD9018C3D63800CAF86C /* Debug */,
				756EDD9118C3D63800CAF86C /* Release */,
			);
			defaultConfigurationIsVisible = 0;
			defaultConfigurationName = Release;
		};
		756EDD9218C3D63800CAF86C /* Build configuration list for PBXNativeTarget "hci-flashcard-iPhone" */ = {
			isa = XCConfigurationList;
			buildConfigurations = (
				756EDD9318C3D63800CAF86C /* Debug */,
				756EDD9418C3D63800CAF86C /* Release */,
			);
			defaultConfigurationIsVisible = 0;
			defaultConfigurationName = Release;
		};
		756EDD9518C3D63800CAF86C /* Build configuration list for PBXNativeTarget "hci-flashcard-iPhoneTests" */ = {
			isa = XCConfigurationList;
			buildConfigurations = (
				756EDD9618C3D63800CAF86C /* Debug */,
				756EDD9718C3D63800CAF86C /* Release */,
			);
			defaultConfigurationIsVisible = 0;
			defaultConfigurationName = Release;
		};
/* End XCConfigurationList section */

/* Begin XCVersionGroup section */
		C80418CE18C916D00062FF91 /* FlashcardModel.xcdatamodeld */ = {
			isa = XCVersionGroup;
			children = (
				C80418CF18C916D00062FF91 /* FlashcardModel.xcdatamodel */,
			);
			currentVersion = C80418CF18C916D00062FF91 /* FlashcardModel.xcdatamodel */;
			path = FlashcardModel.xcdatamodeld;
			sourceTree = "<group>";
			versionGroupType = wrapper.xcdatamodel;
		};
/* End XCVersionGroup section */
	};
	rootObject = 756EDD5518C3D63700CAF86C /* Project object */;
}
